
Microsoft Visual Studio Solution File, Format Version 12.00
# Visual Studio Version 17
VisualStudioVersion = 17.10.34928.147
MinimumVisualStudioVersion = 10.0.40219.1
Project("{9A19103F-16F7-4668-BE54-9A1E7A4F7556}") = "Consius.Host", "Consius.WebApi\Consius.Host.csproj", "{3B4F7CFD-5367-430C-8A49-8889B4198B20}"
EndProject
Project("{9A19103F-16F7-4668-BE54-9A1E7A4F7556}") = "Consius.Domain", "Consius.Domain\Consius.Domain.csproj", "{5A668D86-A426-419B-9DB9-F5D8C588E331}"
EndProject
Project("{FAE04EC0-301F-11D3-BF4B-00C04F79EFBC}") = "Consious.IntegrationTests", "Consiou.Test\Consious.IntegrationTests.csproj", "{663BCBF3-64D1-415B-9981-6AEB696F8E99}"
EndProject
Project("{FAE04EC0-301F-11D3-BF4B-00C04F79EFBC}") = "Consious.Infrastructure", "Consious.Infrastructure\Consious.Infrastructure.csproj", "{851F7E29-784C-4FFE-9821-124521B95344}"
EndProject
Global
	GlobalSection(SolutionConfigurationPlatforms) = preSolution
		Debug|Any CPU = Debug|Any CPU
		Release|Any CPU = Release|Any CPU
	EndGlobalSection
	GlobalSection(ProjectConfigurationPlatforms) = postSolution
		{3B4F7CFD-5367-430C-8A49-8889B4198B20}.Debug|Any CPU.ActiveCfg = Debug|Any CPU
		{3B4F7CFD-5367-430C-8A49-8889B4198B20}.Debug|Any CPU.Build.0 = Debug|Any CPU
		{3B4F7CFD-5367-430C-8A49-8889B4198B20}.Release|Any CPU.ActiveCfg = Release|Any CPU
		{3B4F7CFD-5367-430C-8A49-8889B4198B20}.Release|Any CPU.Build.0 = Release|Any CPU
		{5A668D86-A426-419B-9DB9-F5D8C588E331}.Debug|Any CPU.ActiveCfg = Debug|Any CPU
		{5A668D86-A426-419B-9DB9-F5D8C588E331}.Debug|Any CPU.Build.0 = Debug|Any CPU
		{5A668D86-A426-419B-9DB9-F5D8C588E331}.Release|Any CPU.ActiveCfg = Release|Any CPU
		{5A668D86-A426-419B-9DB9-F5D8C588E331}.Release|Any CPU.Build.0 = Release|Any CPU
		{663BCBF3-64D1-415B-9981-6AEB696F8E99}.Debug|Any CPU.ActiveCfg = Debug|Any CPU
		{663BCBF3-64D1-415B-9981-6AEB696F8E99}.Debug|Any CPU.Build.0 = Debug|Any CPU
		{663BCBF3-64D1-415B-9981-6AEB696F8E99}.Release|Any CPU.ActiveCfg = Release|Any CPU
		{663BCBF3-64D1-415B-9981-6AEB696F8E99}.Release|Any CPU.Build.0 = Release|Any CPU
		{851F7E29-784C-4FFE-9821-124521B95344}.Debug|Any CPU.ActiveCfg = Debug|Any CPU
		{851F7E29-784C-4FFE-9821-124521B95344}.Debug|Any CPU.Build.0 = Debug|Any CPU
		{851F7E29-784C-4FFE-9821-124521B95344}.Release|Any CPU.ActiveCfg = Release|Any CPU
		{851F7E29-784C-4FFE-9821-124521B95344}.Release|Any CPU.Build.0 = Release|Any CPU
	EndGlobalSection
	GlobalSection(SolutionProperties) = preSolution
		HideSolutionNode = FALSE
	EndGlobalSection
	GlobalSection(ExtensibilityGlobals) = postSolution
		SolutionGuid = {8286D0F3-8734-4F12-B20A-B116C26F6322}
	EndGlobalSection
EndGlobal
